
Microsoft Visual Studio Solution File, Format Version 12.00
# Visual Studio 15
VisualStudioVersion = 15.0.28010.2019
MinimumVisualStudioVersion = 10.0.40219.1
Project("{8BC9CEB8-8B4A-11D0-8D11-00A0C91BC942}") = "genesis", "genesis\genesis.vcxproj", "{304C4D57-099E-423E-91C3-FF217B059BDC}"
EndProject
Global
	GlobalSection(SolutionConfigurationPlatforms) = preSolution
		Debug|x64 = Debug|x64
		Debug|x86 = Debug|x86
		Release|x64 = Release|x64
		Release|x86 = Release|x86
	EndGlobalSection
	GlobalSection(ProjectConfigurationPlatforms) = postSolution
		{304C4D57-099E-423E-91C3-FF217B059BDC}.Debug|x64.ActiveCfg = Debug|x64
		{304C4D57-099E-423E-91C3-FF217B059BDC}.Debug|x64.Build.0 = Debug|x64
		{304C4D57-099E-423E-91C3-FF217B059BDC}.Debug|x86.ActiveCfg = Debug|Win32
		{304C4D57-099E-423E-91C3-FF217B059BDC}.Debug|x86.Build.0 = Debug|Win32
		{304C4D57-099E-423E-91C3-FF217B059BDC}.Release|x64.ActiveCfg = Release|x64
		{304C4D57-099E-423E-91C3-FF217B059BDC}.Release|x64.Build.0 = Release|x64
		{304C4D57-099E-423E-91C3-FF217B059BDC}.Release|x86.ActiveCfg = Release|Win32
		{304C4D57-099E-423E-91C3-FF217B059BDC}.Release|x86.Build.0 = Release|Win32
	EndGlobalSection
	GlobalSection(SolutionProperties) = preSolution
		HideSolutionNode = FALSE
	EndGlobalSection
	GlobalSection(ExtensibilityGlobals) = postSolution
		SolutionGuid = {F1F8D2F3-9799-4553-811C-C013457CC040}
	EndGlobalSection
EndGlobal
